
Microsoft Visual Studio Solution File, Format Version 12.00
# Visual Studio Version 17
VisualStudioVersion = 17.2.32630.192
MinimumVisualStudioVersion = 10.0.40219.1
Project("{9A19103F-16F7-4668-BE54-9A1E7A4F7556}") = "Catalog.API", "Catalog.API\Catalog.API.csproj", "{FC425ED0-A5C3-4DBB-8074-F3D9F1305AE8}"
EndProject
Project("{E53339B2-1760-4266-BCC7-CA923CBCF16C}") = "docker-compose", "docker-compose.dcproj", "{9FE82061-3643-484E-8F2D-5846F0057438}"
EndProject
Project("{9A19103F-16F7-4668-BE54-9A1E7A4F7556}") = "Basket.API", "Basket.API\Basket.API.csproj", "{23DF88BF-2A17-4198-B9E9-EDB89985AAC5}"
EndProject
Project("{9A19103F-16F7-4668-BE54-9A1E7A4F7556}") = "Discont.API", "Discont.API\Discont.API.csproj", "{855FC0FB-3212-4017-8918-EB39A0E32A72}"
EndProject
Project("{9A19103F-16F7-4668-BE54-9A1E7A4F7556}") = "Discount.GRPC", "Discount.GRPC\Discount.GRPC.csproj", "{AE2439BE-A7F5-4101-B828-614D6A8629CF}"
EndProject
Global
	GlobalSection(SolutionConfigurationPlatforms) = preSolution
		Debug|Any CPU = Debug|Any CPU
		Release|Any CPU = Release|Any CPU
	EndGlobalSection
	GlobalSection(ProjectConfigurationPlatforms) = postSolution
		{FC425ED0-A5C3-4DBB-8074-F3D9F1305AE8}.Debug|Any CPU.ActiveCfg = Debug|Any CPU
		{FC425ED0-A5C3-4DBB-8074-F3D9F1305AE8}.Debug|Any CPU.Build.0 = Debug|Any CPU
		{FC425ED0-A5C3-4DBB-8074-F3D9F1305AE8}.Release|Any CPU.ActiveCfg = Release|Any CPU
		{FC425ED0-A5C3-4DBB-8074-F3D9F1305AE8}.Release|Any CPU.Build.0 = Release|Any CPU
		{9FE82061-3643-484E-8F2D-5846F0057438}.Debug|Any CPU.ActiveCfg = Debug|Any CPU
		{9FE82061-3643-484E-8F2D-5846F0057438}.Debug|Any CPU.Build.0 = Debug|Any CPU
		{9FE82061-3643-484E-8F2D-5846F0057438}.Release|Any CPU.ActiveCfg = Release|Any CPU
		{9FE82061-3643-484E-8F2D-5846F0057438}.Release|Any CPU.Build.0 = Release|Any CPU
		{23DF88BF-2A17-4198-B9E9-EDB89985AAC5}.Debug|Any CPU.ActiveCfg = Debug|Any CPU
		{23DF88BF-2A17-4198-B9E9-EDB89985AAC5}.Debug|Any CPU.Build.0 = Debug|Any CPU
		{23DF88BF-2A17-4198-B9E9-EDB89985AAC5}.Release|Any CPU.ActiveCfg = Release|Any CPU
		{23DF88BF-2A17-4198-B9E9-EDB89985AAC5}.Release|Any CPU.Build.0 = Release|Any CPU
		{855FC0FB-3212-4017-8918-EB39A0E32A72}.Debug|Any CPU.ActiveCfg = Debug|Any CPU
		{855FC0FB-3212-4017-8918-EB39A0E32A72}.Debug|Any CPU.Build.0 = Debug|Any CPU
		{855FC0FB-3212-4017-8918-EB39A0E32A72}.Release|Any CPU.ActiveCfg = Release|Any CPU
		{855FC0FB-3212-4017-8918-EB39A0E32A72}.Release|Any CPU.Build.0 = Release|Any CPU
		{AE2439BE-A7F5-4101-B828-614D6A8629CF}.Debug|Any CPU.ActiveCfg = Debug|Any CPU
		{AE2439BE-A7F5-4101-B828-614D6A8629CF}.Debug|Any CPU.Build.0 = Debug|Any CPU
		{AE2439BE-A7F5-4101-B828-614D6A8629CF}.Release|Any CPU.ActiveCfg = Release|Any CPU
		{AE2439BE-A7F5-4101-B828-614D6A8629CF}.Release|Any CPU.Build.0 = Release|Any CPU
	EndGlobalSection
	GlobalSection(SolutionProperties) = preSolution
		HideSolutionNode = FALSE
	EndGlobalSection
	GlobalSection(ExtensibilityGlobals) = postSolution
		SolutionGuid = {DF44EAAC-3E55-4CB7-9EE8-1E949620F352}
	EndGlobalSection
EndGlobal
